<?xml version="1.0" encoding="utf-8"?>
<Project ToolsVersion="4.0" xmlns="http://schemas.microsoft.com/developer/msbuild/2003">
  <ItemGroup>
    <!-- Source files -->
    <ClCompile Include="src\main.cpp">
      <Filter>Source Files</Filter>
    </ClCompile>
    <ClCompile Include="src\utils\intel_driver.cpp">
      <Filter>Source Files\utils</Filter>
    </ClCompile>
    <ClCompile Include="src\utils\kdmapper.cpp">
      <Filter>Source Files\utils</Filter>
    </ClCompile>
    <ClCompile Include="src\utils\portable_executable.cpp">
      <Filter>Source Files\utils</Filter>
    </ClCompile>
    <ClCompile Include="src\utils\secure_memory.cpp">
      <Filter>Source Files\utils</Filter>
    </ClCompile>
    <ClCompile Include="src\core\dynamic_mapper.cpp">
      <Filter>Source Files\core</Filter>
    </ClCompile>
    <ClCompile Include="src\core\kernel_bridge.cpp">
      <Filter>Source Files\core</Filter>
    </ClCompile>
    <ClCompile Include="src\core\secure_loader.cpp">
      <Filter>Source Files\core</Filter>
    </ClCompile>
  </ItemGroup>
  
  <ItemGroup>
    <!-- Include files -->
    <ClInclude Include="includes\nt.hpp">
      <Filter>Header Files</Filter>
    </ClInclude>
    <ClInclude Include="includes\utils\resource_utils.hpp">
      <Filter>Header Files\utils</Filter>
    </ClInclude>
    <ClInclude Include="includes\utils\logging.hpp">
      <Filter>Header Files\utils</Filter>
    </ClInclude>
    <ClInclude Include="includes\utils\secure_memory.hpp">
      <Filter>Header Files\utils</Filter>
    </ClInclude>
    <ClInclude Include="includes\utils\portable_executable.hpp">
      <Filter>Header Files\utils</Filter>
    </ClInclude>
    <ClInclude Include="includes\utils\intel_driver.hpp">
      <Filter>Header Files\utils</Filter>
    </ClInclude>
    <ClInclude Include="includes\utils\kdmapper.hpp">
      <Filter>Header Files\utils</Filter>
    </ClInclude>
    <ClInclude Include="includes\core\secure_loader.hpp">
      <Filter>Header Files\core</Filter>
    </ClInclude>
    <ClInclude Include="includes\core\dynamic_mapper.hpp">
      <Filter>Header Files\core</Filter>
    </ClInclude>
    <ClInclude Include="includes\core\kernel_bridge.hpp">
      <Filter>Header Files\core</Filter>
    </ClInclude>
    <ClInclude Include="resources\resource.h">
      <Filter>Resource Files</Filter>
    </ClInclude>
  </ItemGroup>
  
  <ItemGroup>
    <ResourceCompile Include="resources\resource.rc">
      <Filter>Resource Files</Filter>
    </ResourceCompile>
  </ItemGroup>
  
  <ItemGroup>
    <Manifest Include="resources\app.manifest">
      <Filter>Resource Files</Filter>
    </Manifest>
    <Filter Include="Source Files">
      <UniqueIdentifier>{4FC737F1-C7A5-4376-A066-2A32D752A2FF}</UniqueIdentifier>
      <Extensions>cpp;c;cc;cxx;c++;cppm;ixx;def;odl;idl;hpj;bat;asm;asmx</Extensions>
    </Filter>
    <Filter Include="Header Files">
      <UniqueIdentifier>{93995380-89BD-4b04-88EB-625FBE52EBFB}</UniqueIdentifier>
      <Extensions>h;hh;hpp;hxx;h++;hm;inl;inc;ipp;xsd</Extensions>
    </Filter>
    <Filter Include="Resource Files">
      <UniqueIdentifier>{67DA6AB6-F800-4c08-8B7A-83BB121AAD01}</UniqueIdentifier>
      <Extensions>rc;ico;cur;bmp;dlg;rc2;rct;bin;rgs;gif;jpg;jpeg;jpe;resx;tiff;tif;png;wav;mfcribbon-ms</Extensions>
    </Filter>
    <Filter Include="Source Files\core">
      <UniqueIdentifier>{e5d9d9c3-1e91-4c54-a3fd-92a3b2f0e489}</UniqueIdentifier>
    </Filter>
    <Filter Include="Source Files\utils">
      <UniqueIdentifier>{3d68cba3-a1d5-4724-a9bd-c88d0b54f7e2}</UniqueIdentifier>
    </Filter>
    <Filter Include="Header Files\core">
      <UniqueIdentifier>{c13b4db6-cb4c-4bfc-885a-ea47cf862d49}</UniqueIdentifier>
    </Filter>
    <Filter Include="Header Files\utils">
      <UniqueIdentifier>{03b07eb5-2e26-4bce-bac3-2e30e38be67b}</UniqueIdentifier>
    </Filter>
    <Filter Include="Header Files\drivers">
      <UniqueIdentifier>{59af17da-dc99-4bd5-86c6-19812c7b00fd}</UniqueIdentifier>
    </Filter>
    <Filter Include="Source Files\drivers">
      <UniqueIdentifier>{1db1845a-1d0d-4ac3-b6f4-1d3ddde90ae6}</UniqueIdentifier>
    </Filter>
  </ItemGroup>
</Project>
