<?xml version="1.0" encoding="utf-8"?>
<Project ToolsVersion="4.0" xmlns="http://schemas.microsoft.com/developer/msbuild/2003">
  <ItemGroup>
    <Filter Include="Source Files">
      <UniqueIdentifier>{4FC737F1-C7A5-4376-A066-2A32D752A2FF}</UniqueIdentifier>
      <Extensions>cpp;c;cc;cxx;def;odl;idl;hpj;bat;asm;asmx</Extensions>
    </Filter>
    <Filter Include="Header Files">
      <UniqueIdentifier>{93995380-89BD-4b04-88EB-625FBE52EBFB}</UniqueIdentifier>
      <Extensions>h;hh;hpp;hxx;hm;inl;inc;ipp;xsd</Extensions>
    </Filter>
    <Filter Include="Resource Files">
      <UniqueIdentifier>{67DA6AB6-F800-4c08-8B7A-83BB121AAD01}</UniqueIdentifier>
      <Extensions>rc;ico;cur;bmp;dlg;rc2;rct;bin;rgs;gif;jpg;jpeg;jpe;resx;tiff;tif;png;wav;mfcribbon-ms</Extensions>
    </Filter>
    <Filter Include="Source Files\core">
      <UniqueIdentifier>{d1e9f8dd-d8d3-4c77-b7c4-1c1d9e1f25ac}</UniqueIdentifier>
    </Filter>
    <Filter Include="Source Files\utils">
      <UniqueIdentifier>{a38c82cf-71c8-4b38-8fb9-9c22d1e8e7e9}</UniqueIdentifier>
    </Filter>
    <Filter Include="Header Files\core">
      <UniqueIdentifier>{1c8db56f-9923-44f9-a4da-8e8813954cfb}</UniqueIdentifier>
    </Filter>
    <Filter Include="Header Files\utils">
      <UniqueIdentifier>{c7b28972-1ecd-4f4e-92c2-9a5c9aaff66e}</UniqueIdentifier>
    </Filter>
    <Filter Include="Header Files\drivers">
      <UniqueIdentifier>{7c1b44fa-e570-4f0c-a7a7-27d9d77bdbc9}</UniqueIdentifier>
    </Filter>
  </ItemGroup>
  <ItemGroup>
    <ClCompile Include="src\main.cpp">
      <Filter>Source Files</Filter>
    </ClCompile>
    <ClCompile Include="src\core\dynamic_mapper.cpp">
      <Filter>Source Files\core</Filter>
    </ClCompile>
    <ClCompile Include="src\core\kernel_bridge.cpp">
      <Filter>Source Files\core</Filter>
    </ClCompile>
    <ClCompile Include="src\core\secure_loader.cpp">
      <Filter>Source Files\core</Filter>
    </ClCompile>
    <ClCompile Include="src\utils\intel_driver.cpp">
      <Filter>Source Files\utils</Filter>
    </ClCompile>
    <ClCompile Include="src\utils\kdmapper_impl.cpp">
      <Filter>Source Files\utils</Filter>
    </ClCompile>
    <ClCompile Include="src\utils\portable_executable.cpp">
      <Filter>Source Files\utils</Filter>
    </ClCompile>
    <ClCompile Include="src\utils\secure_memory.cpp">
      <Filter>Source Files\utils</Filter>
    </ClCompile>
    <ClCompile Include="src\utils\utils.cpp">
      <Filter>Source Files\utils</Filter>
    </ClCompile>
  </ItemGroup>
  <ItemGroup>
    <ClInclude Include="src\core\dynamic_mapper.hpp">
      <Filter>Header Files\core</Filter>
    </ClInclude>
    <ClInclude Include="src\core\kernel_bridge.hpp">
      <Filter>Header Files\core</Filter>
    </ClInclude>
    <ClInclude Include="src\core\secure_loader.hpp">
      <Filter>Header Files\core</Filter>
    </ClInclude>
    <ClInclude Include="src\utils\intel_driver.hpp">
      <Filter>Header Files\utils</Filter>
    </ClInclude>
    <ClInclude Include="src\utils\kdmapper.hpp">
      <Filter>Header Files\utils</Filter>
    </ClInclude>
    <ClInclude Include="src\utils\portable_executable.hpp">
      <Filter>Header Files\utils</Filter>
    </ClInclude>
    <ClInclude Include="src\utils\utils.hpp">
      <Filter>Header Files\utils</Filter>
    </ClInclude>
    <ClInclude Include="include\core\dynamic_mapper.hpp">
      <Filter>Header Files\core</Filter>
    </ClInclude>
    <ClInclude Include="include\core\kernel_bridge.hpp">
      <Filter>Header Files\core</Filter>
    </ClInclude>
    <ClInclude Include="include\core\secure_loader.hpp">
      <Filter>Header Files\core</Filter>
    </ClInclude>
    <ClInclude Include="include\utils\intel_driver.hpp">
      <Filter>Header Files\utils</Filter>
    </ClInclude>
    <ClInclude Include="include\utils\intel_driver_resource.hpp">
      <Filter>Header Files\utils</Filter>
    </ClInclude>
    <ClInclude Include="include\utils\kdmapper.hpp">
      <Filter>Header Files\utils</Filter>
    </ClInclude>
    <ClInclude Include="include\utils\kdmapper_impl.hpp">
      <Filter>Header Files\utils</Filter>
    </ClInclude>
    <ClInclude Include="include\utils\logging.hpp">
      <Filter>Header Files\utils</Filter>
    </ClInclude>
    <ClInclude Include="include\utils\portable_executable.hpp">
      <Filter>Header Files\utils</Filter>
    </ClInclude>
    <ClInclude Include="include\utils\secure_memory.hpp">
      <Filter>Header Files\utils</Filter>
    </ClInclude>
    <ClInclude Include="include\utils\utils.hpp">
      <Filter>Header Files\utils</Filter>
    </ClInclude>
    <ClInclude Include="include\drivers\cheat.hpp">
      <Filter>Header Files\drivers</Filter>
    </ClInclude>
    <ClInclude Include="include\drivers\memdriver.hpp">
      <Filter>Header Files\drivers</Filter>
    </ClInclude>
    <ClInclude Include="include\drivers\rwdrv.hpp">
      <Filter>Header Files\drivers</Filter>
    </ClInclude>
    <ClInclude Include="include\nt.hpp">
      <Filter>Header Files</Filter>
    </ClInclude>
  </ItemGroup>
  <ItemGroup>
    <None Include="resources\app.manifest">
      <Filter>Resource Files</Filter>
    </None>
    <None Include="resources\resource.rc.in">
      <Filter>Resource Files</Filter>
    </None>
  </ItemGroup>
  <ItemGroup>
    <ResourceCompile Include="UnifiedLoader.rc">
      <Filter>Resource Files</Filter>
    </ResourceCompile>
  </ItemGroup>
  <ItemGroup>
    <Image Include="resources\icons\app.ico">
      <Filter>Resource Files</Filter>
    </Image>
  </ItemGroup>
</Project>
