Microsoft Visual Studio Solution File, Format Version 12.00
# Visual Studio Version 17
VisualStudioVersion = 17.0.31903.59
MinimumVisualStudioVersion = 10.0.40219.1
Project("{8BC9CEB8-8B4A-11D0-8D11-00A0C91BC942}") = "GDRVMapper", "GDRVMapper.vcxproj", "{56A0FBE1-264C-47EA-BC05-5FC7AA4E8787}"
EndProject
Global
	GlobalSection(SolutionConfigurationPlatforms) = preSolution
		Debug|x64 = Debug|x64
		Release|x64 = Release|x64
	EndGlobalSection
	GlobalSection(ProjectConfigurationPlatforms) = postSolution
		{56A0FBE1-264C-47EA-BC05-5FC7AA4E8787}.Debug|x64.ActiveCfg = Debug|x64
		{56A0FBE1-264C-47EA-BC05-5FC7AA4E8787}.Debug|x64.Build.0 = Debug|x64
		{56A0FBE1-264C-47EA-BC05-5FC7AA4E8787}.Release|x64.ActiveCfg = Release|x64
		{56A0FBE1-264C-47EA-BC05-5FC7AA4E8787}.Release|x64.Build.0 = Release|x64
	EndGlobalSection
	GlobalSection(SolutionProperties) = preSolution
		HideSolutionNode = FALSE
	EndGlobalSection
	GlobalSection(ExtensibilityGlobals) = postSolution
		SolutionGuid = {E2A1C34D-654C-4B4A-B74E-C47EE0B5E11F}
	EndGlobalSection
EndGlobal
